
Microsoft Visual Studio Solution File, Format Version 12.00
# Visual Studio Version 16
VisualStudioVersion = 25.0.1700.5
MinimumVisualStudioVersion = 10.0.40219.1
Project("{FAE04EC0-301F-11D3-BF4B-00C04F79EFBC}") = "csharp_oop", "csharp_oop.csproj", "{89906EAB-A569-4388-99A9-6338C229FCFC}"
EndProject
Global
	GlobalSection(SolutionConfigurationPlatforms) = preSolution
		Debug|Any CPU = Debug|Any CPU
		Release|Any CPU = Release|Any CPU
	EndGlobalSection
	GlobalSection(ProjectConfigurationPlatforms) = postSolution
		{89906EAB-A569-4388-99A9-6338C229FCFC}.Debug|Any CPU.ActiveCfg = Debug|Any CPU
		{89906EAB-A569-4388-99A9-6338C229FCFC}.Debug|Any CPU.Build.0 = Debug|Any CPU
		{89906EAB-A569-4388-99A9-6338C229FCFC}.Release|Any CPU.ActiveCfg = Release|Any CPU
		{89906EAB-A569-4388-99A9-6338C229FCFC}.Release|Any CPU.Build.0 = Release|Any CPU
	EndGlobalSection
	GlobalSection(SolutionProperties) = preSolution
		HideSolutionNode = FALSE
	EndGlobalSection
	GlobalSection(ExtensibilityGlobals) = postSolution
		SolutionGuid = {918C8F66-EAED-497C-A655-4C9F3120D507}
	EndGlobalSection
EndGlobal
